
Microsoft Visual Studio Solution File, Format Version 12.00
# Visual Studio Version 17
VisualStudioVersion = 17.12.35506.116 d17.12
MinimumVisualStudioVersion = 10.0.40219.1
Project("{FAE04EC0-301F-11D3-BF4B-00C04F79EFBC}") = "MinhaCdn.Integration", "MinhaCdn.Integration\MinhaCdn.Integration.csproj", "{7DA672BE-0A79-4384-9DD7-E16EB1A772BA}"
EndProject
Project("{2150E333-8FDC-42A3-9474-1A3956D46DE8}") = "Ports", "Ports", "{DB02CE45-3174-4F90-AB95-EE63B245B081}"
EndProject
Project("{FAE04EC0-301F-11D3-BF4B-00C04F79EFBC}") = "MinhaCdn.Integration.Convert", "MinhaCdn.Integration.Convert\MinhaCdn.Integration.Convert.csproj", "{76D0FE69-1F9B-4052-B129-95A1FE71FD5D}"
EndProject
Global
	GlobalSection(SolutionConfigurationPlatforms) = preSolution
		Debug|Any CPU = Debug|Any CPU
		Release|Any CPU = Release|Any CPU
	EndGlobalSection
	GlobalSection(ProjectConfigurationPlatforms) = postSolution
		{7DA672BE-0A79-4384-9DD7-E16EB1A772BA}.Debug|Any CPU.ActiveCfg = Debug|Any CPU
		{7DA672BE-0A79-4384-9DD7-E16EB1A772BA}.Debug|Any CPU.Build.0 = Debug|Any CPU
		{7DA672BE-0A79-4384-9DD7-E16EB1A772BA}.Release|Any CPU.ActiveCfg = Release|Any CPU
		{7DA672BE-0A79-4384-9DD7-E16EB1A772BA}.Release|Any CPU.Build.0 = Release|Any CPU
		{76D0FE69-1F9B-4052-B129-95A1FE71FD5D}.Debug|Any CPU.ActiveCfg = Debug|Any CPU
		{76D0FE69-1F9B-4052-B129-95A1FE71FD5D}.Debug|Any CPU.Build.0 = Debug|Any CPU
		{76D0FE69-1F9B-4052-B129-95A1FE71FD5D}.Release|Any CPU.ActiveCfg = Release|Any CPU
		{76D0FE69-1F9B-4052-B129-95A1FE71FD5D}.Release|Any CPU.Build.0 = Release|Any CPU
	EndGlobalSection
	GlobalSection(SolutionProperties) = preSolution
		HideSolutionNode = FALSE
	EndGlobalSection
	GlobalSection(NestedProjects) = preSolution
		{7DA672BE-0A79-4384-9DD7-E16EB1A772BA} = {DB02CE45-3174-4F90-AB95-EE63B245B081}
	EndGlobalSection
EndGlobal
